// !$*UTF8*$!
{
	archiveVersion = 1;
	classes = {
	};
	objectVersion = 56;
	objects = {

/* Begin PBXBuildFile section */
		52A327D22B7654BD001D26F0 /* AppDelegate.swift in Sources */ = {isa = PBXBuildFile; fileRef = 52A327D12B7654BD001D26F0 /* AppDelegate.swift */; };
		52A327D42B7654BD001D26F0 /* SceneDelegate.swift in Sources */ = {isa = PBXBuildFile; fileRef = 52A327D32B7654BD001D26F0 /* SceneDelegate.swift */; };
		52A327D62B7654BD001D26F0 /* ViewController.swift in Sources */ = {isa = PBXBuildFile; fileRef = 52A327D52B7654BD001D26F0 /* ViewController.swift */; };
		52A327D92B7654BD001D26F0 /* Main.storyboard in Resources */ = {isa = PBXBuildFile; fileRef = 52A327D72B7654BD001D26F0 /* Main.storyboard */; };
		52A327DB2B7654BF001D26F0 /* Assets.xcassets in Resources */ = {isa = PBXBuildFile; fileRef = 52A327DA2B7654BF001D26F0 /* Assets.xcassets */; };
		52A327DE2B7654BF001D26F0 /* LaunchScreen.storyboard in Resources */ = {isa = PBXBuildFile; fileRef = 52A327DC2B7654BF001D26F0 /* LaunchScreen.storyboard */; };
		52A327E92B7654BF001D26F0 /* OddorEvenGameTests.swift in Sources */ = {isa = PBXBuildFile; fileRef = 52A327E82B7654BF001D26F0 /* OddorEvenGameTests.swift */; };
		52A327F32B7654BF001D26F0 /* OddorEvenGameUITests.swift in Sources */ = {isa = PBXBuildFile; fileRef = 52A327F22B7654BF001D26F0 /* OddorEvenGameUITests.swift */; };
		52A327F52B7654BF001D26F0 /* OddorEvenGameUITestsLaunchTests.swift in Sources */ = {isa = PBXBuildFile; fileRef = 52A327F42B7654BF001D26F0 /* OddorEvenGameUITestsLaunchTests.swift */; };
/* End PBXBuildFile section */

/* Begin PBXContainerItemProxy section */
		52A327E52B7654BF001D26F0 /* PBXContainerItemProxy */ = {
			isa = PBXContainerItemProxy;
			containerPortal = 52A327C62B7654BD001D26F0 /* Project object */;
			proxyType = 1;
			remoteGlobalIDString = 52A327CD2B7654BD001D26F0;
			remoteInfo = OddorEvenGame;
		};
		52A327EF2B7654BF001D26F0 /* PBXContainerItemProxy */ = {
			isa = PBXContainerItemProxy;
			containerPortal = 52A327C62B7654BD001D26F0 /* Project object */;
			proxyType = 1;
			remoteGlobalIDString = 52A327CD2B7654BD001D26F0;
			remoteInfo = OddorEvenGame;
		};
/* End PBXContainerItemProxy section */

/* Begin PBXFileReference section */
		52A327CE2B7654BD001D26F0 /* OddorEvenGame.app */ = {isa = PBXFileReference; explicitFileType = wrapper.application; includeInIndex = 0; path = OddorEvenGame.app; sourceTree = BUILT_PRODUCTS_DIR; };
		52A327D12B7654BD001D26F0 /* AppDelegate.swift */ = {isa = PBXFileReference; lastKnownFileType = sourcecode.swift; path = AppDelegate.swift; sourceTree = "<group>"; };
		52A327D32B7654BD001D26F0 /* SceneDelegate.swift */ = {isa = PBXFileReference; lastKnownFileType = sourcecode.swift; path = SceneDelegate.swift; sourceTree = "<group>"; };
		52A327D52B7654BD001D26F0 /* ViewController.swift */ = {isa = PBXFileReference; lastKnownFileType = sourcecode.swift; path = ViewController.swift; sourceTree = "<group>"; };
		52A327D82B7654BD001D26F0 /* Base */ = {isa = PBXFileReference; lastKnownFileType = file.storyboard; name = Base; path = Base.lproj/Main.storyboard; sourceTree = "<group>"; };
		52A327DA2B7654BF001D26F0 /* Assets.xcassets */ = {isa = PBXFileReference; lastKnownFileType = folder.assetcatalog; path = Assets.xcassets; sourceTree = "<group>"; };
		52A327DD2B7654BF001D26F0 /* Base */ = {isa = PBXFileReference; lastKnownFileType = file.storyboard; name = Base; path = Base.lproj/LaunchScreen.storyboard; sourceTree = "<group>"; };
		52A327DF2B7654BF001D26F0 /* Info.plist */ = {isa = PBXFileReference; lastKnownFileType = text.plist.xml; path = Info.plist; sourceTree = "<group>"; };
		52A327E42B7654BF001D26F0 /* OddorEvenGameTests.xctest */ = {isa = PBXFileReference; explicitFileType = wrapper.cfbundle; includeInIndex = 0; path = OddorEvenGameTests.xctest; sourceTree = BUILT_PRODUCTS_DIR; };
		52A327E82B7654BF001D26F0 /* OddorEvenGameTests.swift */ = {isa = PBXFileReference; lastKnownFileType = sourcecode.swift; path = OddorEvenGameTests.swift; sourceTree = "<group>"; };
		52A327EE2B7654BF001D26F0 /* OddorEvenGameUITests.xctest */ = {isa = PBXFileReference; explicitFileType = wrapper.cfbundle; includeInIndex = 0; path = OddorEvenGameUITests.xctest; sourceTree = BUILT_PRODUCTS_DIR; };
		52A327F22B7654BF001D26F0 /* OddorEvenGameUITests.swift */ = {isa = PBXFileReference; lastKnownFileType = sourcecode.swift; path = OddorEvenGameUITests.swift; sourceTree = "<group>"; };
		52A327F42B7654BF001D26F0 /* OddorEvenGameUITestsLaunchTests.swift */ = {isa = PBXFileReference; lastKnownFileType = sourcecode.swift; path = OddorEvenGameUITestsLaunchTests.swift; sourceTree = "<group>"; };
/* End PBXFileReference section */

/* Begin PBXFrameworksBuildPhase section */
		52A327CB2B7654BD001D26F0 /* Frameworks */ = {
			isa = PBXFrameworksBuildPhase;
			buildActionMask = 2147483647;
			files = (
			);
			runOnlyForDeploymentPostprocessing = 0;
		};
		52A327E12B7654BF001D26F0 /* Frameworks */ = {
			isa = PBXFrameworksBuildPhase;
			buildActionMask = 2147483647;
			files = (
			);
			runOnlyForDeploymentPostprocessing = 0;
		};
		52A327EB2B7654BF001D26F0 /* Frameworks */ = {
			isa = PBXFrameworksBuildPhase;
			buildActionMask = 2147483647;
			files = (
			);
			runOnlyForDeploymentPostprocessing = 0;
		};
/* End PBXFrameworksBuildPhase section */

/* Begin PBXGroup section */
		52A327C52B7654BD001D26F0 = {
			isa = PBXGroup;
			children = (
				52A327D02B7654BD001D26F0 /* OddorEvenGame */,
				52A327E72B7654BF001D26F0 /* OddorEvenGameTests */,
				52A327F12B7654BF001D26F0 /* OddorEvenGameUITests */,
				52A327CF2B7654BD001D26F0 /* Products */,
			);
			sourceTree = "<group>";
		};
		52A327CF2B7654BD001D26F0 /* Products */ = {
			isa = PBXGroup;
			children = (
				52A327CE2B7654BD001D26F0 /* OddorEvenGame.app */,
				52A327E42B7654BF001D26F0 /* OddorEvenGameTests.xctest */,
				52A327EE2B7654BF001D26F0 /* OddorEvenGameUITests.xctest */,
			);
			name = Products;
			sourceTree = "<group>";
		};
		52A327D02B7654BD001D26F0 /* OddorEvenGame */ = {
			isa = PBXGroup;
			children = (
				52A327D12B7654BD001D26F0 /* AppDelegate.swift */,
				52A327D32B7654BD001D26F0 /* SceneDelegate.swift */,
				52A327D52B7654BD001D26F0 /* ViewController.swift */,
				52A327D72B7654BD001D26F0 /* Main.storyboard */,
				52A327DA2B7654BF001D26F0 /* Assets.xcassets */,
				52A327DC2B7654BF001D26F0 /* LaunchScreen.storyboard */,
				52A327DF2B7654BF001D26F0 /* Info.plist */,
			);
			path = OddorEvenGame;
			sourceTree = "<group>";
		};
		52A327E72B7654BF001D26F0 /* OddorEvenGameTests */ = {
			isa = PBXGroup;
			children = (
				52A327E82B7654BF001D26F0 /* OddorEvenGameTests.swift */,
			);
			path = OddorEvenGameTests;
			sourceTree = "<group>";
		};
		52A327F12B7654BF001D26F0 /* OddorEvenGameUITests */ = {
			isa = PBXGroup;
			children = (
				52A327F22B7654BF001D26F0 /* OddorEvenGameUITests.swift */,
				52A327F42B7654BF001D26F0 /* OddorEvenGameUITestsLaunchTests.swift */,
			);
			path = OddorEvenGameUITests;
			sourceTree = "<group>";
		};
/* End PBXGroup section */

/* Begin PBXNativeTarget section */
		52A327CD2B7654BD001D26F0 /* OddorEvenGame */ = {
			isa = PBXNativeTarget;
			buildConfigurationList = 52A327F82B7654BF001D26F0 /* Build configuration list for PBXNativeTarget "OddorEvenGame" */;
			buildPhases = (
				52A327CA2B7654BD001D26F0 /* Sources */,
				52A327CB2B7654BD001D26F0 /* Frameworks */,
				52A327CC2B7654BD001D26F0 /* Resources */,
			);
			buildRules = (
			);
			dependencies = (
			);
			name = OddorEvenGame;
			productName = OddorEvenGame;
			productReference = 52A327CE2B7654BD001D26F0 /* OddorEvenGame.app */;
			productType = "com.apple.product-type.application";
		};
		52A327E32B7654BF001D26F0 /* OddorEvenGameTests */ = {
			isa = PBXNativeTarget;
			buildConfigurationList = 52A327FB2B7654BF001D26F0 /* Build configuration list for PBXNativeTarget "OddorEvenGameTests" */;
			buildPhases = (
				52A327E02B7654BF001D26F0 /* Sources */,
				52A327E12B7654BF001D26F0 /* Frameworks */,
				52A327E22B7654BF001D26F0 /* Resources */,
			);
			buildRules = (
			);
			dependencies = (
				52A327E62B7654BF001D26F0 /* PBXTargetDependency */,
			);
			name = OddorEvenGameTests;
			productName = OddorEvenGameTests;
			productReference = 52A327E42B7654BF001D26F0 /* OddorEvenGameTests.xctest */;
			productType = "com.apple.product-type.bundle.unit-test";
		};
		52A327ED2B7654BF001D26F0 /* OddorEvenGameUITests */ = {
			isa = PBXNativeTarget;
			buildConfigurationList = 52A327FE2B7654BF001D26F0 /* Build configuration list for PBXNativeTarget "OddorEvenGameUITests" */;
			buildPhases = (
				52A327EA2B7654BF001D26F0 /* Sources */,
				52A327EB2B7654BF001D26F0 /* Frameworks */,
				52A327EC2B7654BF001D26F0 /* Resources */,
			);
			buildRules = (
			);
			dependencies = (
				52A327F02B7654BF001D26F0 /* PBXTargetDependency */,
			);
			name = OddorEvenGameUITests;
			productName = OddorEvenGameUITests;
			productReference = 52A327EE2B7654BF001D26F0 /* OddorEvenGameUITests.xctest */;
			productType = "com.apple.product-type.bundle.ui-testing";
		};
/* End PBXNativeTarget section */

/* Begin PBXProject section */
		52A327C62B7654BD001D26F0 /* Project object */ = {
			isa = PBXProject;
			attributes = {
				BuildIndependentTargetsInParallel = 1;
				LastSwiftUpdateCheck = 1520;
				LastUpgradeCheck = 1520;
				TargetAttributes = {
					52A327CD2B7654BD001D26F0 = {
						CreatedOnToolsVersion = 15.2;
					};
					52A327E32B7654BF001D26F0 = {
						CreatedOnToolsVersion = 15.2;
						TestTargetID = 52A327CD2B7654BD001D26F0;
					};
					52A327ED2B7654BF001D26F0 = {
						CreatedOnToolsVersion = 15.2;
						TestTargetID = 52A327CD2B7654BD001D26F0;
					};
				};
			};
			buildConfigurationList = 52A327C92B7654BD001D26F0 /* Build configuration list for PBXProject "OddorEvenGame" */;
			compatibilityVersion = "Xcode 14.0";
			developmentRegion = en;
			hasScannedForEncodings = 0;
			knownRegions = (
				en,
				Base,
			);
			mainGroup = 52A327C52B7654BD001D26F0;
			productRefGroup = 52A327CF2B7654BD001D26F0 /* Products */;
			projectDirPath = "";
			projectRoot = "";
			targets = (
				52A327CD2B7654BD001D26F0 /* OddorEvenGame */,
				52A327E32B7654BF001D26F0 /* OddorEvenGameTests */,
				52A327ED2B7654BF001D26F0 /* OddorEvenGameUITests */,
			);
		};
/* End PBXProject section */

/* Begin PBXResourcesBuildPhase section */
		52A327CC2B7654BD001D26F0 /* Resources */ = {
			isa = PBXResourcesBuildPhase;
			buildActionMask = 2147483647;
			files = (
				52A327DE2B7654BF001D26F0 /* LaunchScreen.storyboard in Resources */,
				52A327DB2B7654BF001D26F0 /* Assets.xcassets in Resources */,
				52A327D92B7654BD001D26F0 /* Main.storyboard in Resources */,
			);
			runOnlyForDeploymentPostprocessing = 0;
		};
		52A327E22B7654BF001D26F0 /* Resources */ = {
			isa = PBXResourcesBuildPhase;
			buildActionMask = 2147483647;
			files = (
			);
			runOnlyForDeploymentPostprocessing = 0;
		};
		52A327EC2B7654BF001D26F0 /* Resources */ = {
			isa = PBXResourcesBuildPhase;
			buildActionMask = 2147483647;
			files = (
			);
			runOnlyForDeploymentPostprocessing = 0;
		};
/* End PBXResourcesBuildPhase section */

/* Begin PBXSourcesBuildPhase section */
		52A327CA2B7654BD001D26F0 /* Sources */ = {
			isa = PBXSourcesBuildPhase;
			buildActionMask = 2147483647;
			files = (
				52A327D62B7654BD001D26F0 /* ViewController.swift in Sources */,
				52A327D22B7654BD001D26F0 /* AppDelegate.swift in Sources */,
				52A327D42B7654BD001D26F0 /* SceneDelegate.swift in Sources */,
			);
			runOnlyForDeploymentPostprocessing = 0;
		};
		52A327E02B7654BF001D26F0 /* Sources */ = {
			isa = PBXSourcesBuildPhase;
			buildActionMask = 2147483647;
			files = (
				52A327E92B7654BF001D26F0 /* OddorEvenGameTests.swift in Sources */,
			);
			runOnlyForDeploymentPostprocessing = 0;
		};
		52A327EA2B7654BF001D26F0 /* Sources */ = {
			isa = PBXSourcesBuildPhase;
			buildActionMask = 2147483647;
			files = (
				52A327F32B7654BF001D26F0 /* OddorEvenGameUITests.swift in Sources */,
				52A327F52B7654BF001D26F0 /* OddorEvenGameUITestsLaunchTests.swift in Sources */,
			);
			runOnlyForDeploymentPostprocessing = 0;
		};
/* End PBXSourcesBuildPhase section */

/* Begin PBXTargetDependency section */
		52A327E62B7654BF001D26F0 /* PBXTargetDependency */ = {
			isa = PBXTargetDependency;
			target = 52A327CD2B7654BD001D26F0 /* OddorEvenGame */;
			targetProxy = 52A327E52B7654BF001D26F0 /* PBXContainerItemProxy */;
		};
		52A327F02B7654BF001D26F0 /* PBXTargetDependency */ = {
			isa = PBXTargetDependency;
			target = 52A327CD2B7654BD001D26F0 /* OddorEvenGame */;
			targetProxy = 52A327EF2B7654BF001D26F0 /* PBXContainerItemProxy */;
		};
/* End PBXTargetDependency section */

/* Begin PBXVariantGroup section */
		52A327D72B7654BD001D26F0 /* Main.storyboard */ = {
			isa = PBXVariantGroup;
			children = (
				52A327D82B7654BD001D26F0 /* Base */,
			);
			name = Main.storyboard;
			sourceTree = "<group>";
		};
		52A327DC2B7654BF001D26F0 /* LaunchScreen.storyboard */ = {
			isa = PBXVariantGroup;
			children = (
				52A327DD2B7654BF001D26F0 /* Base */,
			);
			name = LaunchScreen.storyboard;
			sourceTree = "<group>";
		};
/* End PBXVariantGroup section */

/* Begin XCBuildConfiguration section */
		52A327F62B7654BF001D26F0 /* Debug */ = {
			isa = XCBuildConfiguration;
			buildSettings = {
				ALWAYS_SEARCH_USER_PATHS = NO;
				ASSETCATALOG_COMPILER_GENERATE_SWIFT_ASSET_SYMBOL_EXTENSIONS = YES;
				CLANG_ANALYZER_NONNULL = YES;
				CLANG_ANALYZER_NUMBER_OBJECT_CONVERSION = YES_AGGRESSIVE;
				CLANG_CXX_LANGUAGE_STANDARD = "gnu++20";
				CLANG_ENABLE_MODULES = YES;
				CLANG_ENABLE_OBJC_ARC = YES;
				CLANG_ENABLE_OBJC_WEAK = YES;
				CLANG_WARN_BLOCK_CAPTURE_AUTORELEASING = YES;
				CLANG_WARN_BOOL_CONVERSION = YES;
				CLANG_WARN_COMMA = YES;
				CLANG_WARN_CONSTANT_CONVERSION = YES;
				CLANG_WARN_DEPRECATED_OBJC_IMPLEMENTATIONS = YES;
				CLANG_WARN_DIRECT_OBJC_ISA_USAGE = YES_ERROR;
				CLANG_WARN_DOCUMENTATION_COMMENTS = YES;
				CLANG_WARN_EMPTY_BODY = YES;
				CLANG_WARN_ENUM_CONVERSION = YES;
				CLANG_WARN_INFINITE_RECURSION = YES;
				CLANG_WARN_INT_CONVERSION = YES;
				CLANG_WARN_NON_LITERAL_NULL_CONVERSION = YES;
				CLANG_WARN_OBJC_IMPLICIT_RETAIN_SELF = YES;
				CLANG_WARN_OBJC_LITERAL_CONVERSION = YES;
				CLANG_WARN_OBJC_ROOT_CLASS = YES_ERROR;
				CLANG_WARN_QUOTED_INCLUDE_IN_FRAMEWORK_HEADER = YES;
				CLANG_WARN_RANGE_LOOP_ANALYSIS = YES;
				CLANG_WARN_STRICT_PROTOTYPES = YES;
				CLANG_WARN_SUSPICIOUS_MOVE = YES;
				CLANG_WARN_UNGUARDED_AVAILABILITY = YES_AGGRESSIVE;
				CLANG_WARN_UNREACHABLE_CODE = YES;
				CLANG_WARN__DUPLICATE_METHOD_MATCH = YES;
				COPY_PHASE_STRIP = NO;
				DEBUG_INFORMATION_FORMAT = dwarf;
				ENABLE_STRICT_OBJC_MSGSEND = YES;
				ENABLE_TESTABILITY = YES;
				ENABLE_USER_SCRIPT_SANDBOXING = YES;
				GCC_C_LANGUAGE_STANDARD = gnu17;
				GCC_DYNAMIC_NO_PIC = NO;
				GCC_NO_COMMON_BLOCKS = YES;
				GCC_OPTIMIZATION_LEVEL = 0;
				GCC_PREPROCESSOR_DEFINITIONS = (
					"DEBUG=1",
					"$(inherited)",
				);
				GCC_WARN_64_TO_32_BIT_CONVERSION = YES;
				GCC_WARN_ABOUT_RETURN_TYPE = YES_ERROR;
				GCC_WARN_UNDECLARED_SELECTOR = YES;
				GCC_WARN_UNINITIALIZED_AUTOS = YES_AGGRESSIVE;
				GCC_WARN_UNUSED_FUNCTION = YES;
				GCC_WARN_UNUSED_VARIABLE = YES;
				IPHONEOS_DEPLOYMENT_TARGET = 17.2;
				LOCALIZATION_PREFERS_STRING_CATALOGS = YES;
				MTL_ENABLE_DEBUG_INFO = INCLUDE_SOURCE;
				MTL_FAST_MATH = YES;
				ONLY_ACTIVE_ARCH = YES;
				SDKROOT = iphoneos;
				SWIFT_ACTIVE_COMPILATION_CONDITIONS = "DEBUG $(inherited)";
				SWIFT_OPTIMIZATION_LEVEL = "-Onone";
			};
			name = Debug;
		};
		52A327F72B7654BF001D26F0 /* Release */ = {
			isa = XCBuildConfiguration;
			buildSettings = {
				ALWAYS_SEARCH_USER_PATHS = NO;
				ASSETCATALOG_COMPILER_GENERATE_SWIFT_ASSET_SYMBOL_EXTENSIONS = YES;
				CLANG_ANALYZER_NONNULL = YES;
				CLANG_ANALYZER_NUMBER_OBJECT_CONVERSION = YES_AGGRESSIVE;
				CLANG_CXX_LANGUAGE_STANDARD = "gnu++20";
				CLANG_ENABLE_MODULES = YES;
				CLANG_ENABLE_OBJC_ARC = YES;
				CLANG_ENABLE_OBJC_WEAK = YES;
				CLANG_WARN_BLOCK_CAPTURE_AUTORELEASING = YES;
				CLANG_WARN_BOOL_CONVERSION = YES;
				CLANG_WARN_COMMA = YES;
				CLANG_WARN_CONSTANT_CONVERSION = YES;
				CLANG_WARN_DEPRECATED_OBJC_IMPLEMENTATIONS = YES;
				CLANG_WARN_DIRECT_OBJC_ISA_USAGE = YES_ERROR;
				CLANG_WARN_DOCUMENTATION_COMMENTS = YES;
				CLANG_WARN_EMPTY_BODY = YES;
				CLANG_WARN_ENUM_CONVERSION = YES;
				CLANG_WARN_INFINITE_RECURSION = YES;
				CLANG_WARN_INT_CONVERSION = YES;
				CLANG_WARN_NON_LITERAL_NULL_CONVERSION = YES;
				CLANG_WARN_OBJC_IMPLICIT_RETAIN_SELF = YES;
				CLANG_WARN_OBJC_LITERAL_CONVERSION = YES;
				CLANG_WARN_OBJC_ROOT_CLASS = YES_ERROR;
				CLANG_WARN_QUOTED_INCLUDE_IN_FRAMEWORK_HEADER = YES;
				CLANG_WARN_RANGE_LOOP_ANALYSIS = YES;
				CLANG_WARN_STRICT_PROTOTYPES = YES;
				CLANG_WARN_SUSPICIOUS_MOVE = YES;
				CLANG_WARN_UNGUARDED_AVAILABILITY = YES_AGGRESSIVE;
				CLANG_WARN_UNREACHABLE_CODE = YES;
				CLANG_WARN__DUPLICATE_METHOD_MATCH = YES;
				COPY_PHASE_STRIP = NO;
				DEBUG_INFORMATION_FORMAT = "dwarf-with-dsym";
				ENABLE_NS_ASSERTIONS = NO;
				ENABLE_STRICT_OBJC_MSGSEND = YES;
				ENABLE_USER_SCRIPT_SANDBOXING = YES;
				GCC_C_LANGUAGE_STANDARD = gnu17;
				GCC_NO_COMMON_BLOCKS = YES;
				GCC_WARN_64_TO_32_BIT_CONVERSION = YES;
				GCC_WARN_ABOUT_RETURN_TYPE = YES_ERROR;
				GCC_WARN_UNDECLARED_SELECTOR = YES;
				GCC_WARN_UNINITIALIZED_AUTOS = YES_AGGRESSIVE;
				GCC_WARN_UNUSED_FUNCTION = YES;
				GCC_WARN_UNUSED_VARIABLE = YES;
				IPHONEOS_DEPLOYMENT_TARGET = 17.2;
				LOCALIZATION_PREFERS_STRING_CATALOGS = YES;
				MTL_ENABLE_DEBUG_INFO = NO;
				MTL_FAST_MATH = YES;
				SDKROOT = iphoneos;
				SWIFT_COMPILATION_MODE = wholemodule;
				VALIDATE_PRODUCT = YES;
			};
			name = Release;
		};
		52A327F92B7654BF001D26F0 /* Debug */ = {
			isa = XCBuildConfiguration;
			buildSettings = {
				ASSETCATALOG_COMPILER_APPICON_NAME = AppIcon;
				ASSETCATALOG_COMPILER_GLOBAL_ACCENT_COLOR_NAME = AccentColor;
				CODE_SIGN_STYLE = Automatic;
				CURRENT_PROJECT_VERSION = 1;
				GENERATE_INFOPLIST_FILE = YES;
				INFOPLIST_FILE = OddorEvenGame/Info.plist;
				INFOPLIST_KEY_UIApplicationSupportsIndirectInputEvents = YES;
				INFOPLIST_KEY_UILaunchStoryboardName = LaunchScreen;
				INFOPLIST_KEY_UIMainStoryboardFile = Main;
				INFOPLIST_KEY_UISupportedInterfaceOrientations_iPad = "UIInterfaceOrientationPortrait UIInterfaceOrientationPortraitUpsideDown UIInterfaceOrientationLandscapeLeft UIInterfaceOrientationLandscapeRight";
				INFOPLIST_KEY_UISupportedInterfaceOrientations_iPhone = "UIInterfaceOrientationPortrait UIInterfaceOrientationLandscapeLeft UIInterfaceOrientationLandscapeRight";
				LD_RUNPATH_SEARCH_PATHS = (
					"$(inherited)",
					"@executable_path/Frameworks",
				);
				MARKETING_VERSION = 1.0;
				PRODUCT_BUNDLE_IDENTIFIER = study.OddorEvenGame;
				PRODUCT_NAME = "$(TARGET_NAME)";
				SWIFT_EMIT_LOC_STRINGS = YES;
				SWIFT_VERSION = 5.0;
				TARGETED_DEVICE_FAMILY = "1,2";
			};
			name = Debug;
		};
		52A327FA2B7654BF001D26F0 /* Release */ = {
			isa = XCBuildConfiguration;
			buildSettings = {
				ASSETCATALOG_COMPILER_APPICON_NAME = AppIcon;
				ASSETCATALOG_COMPILER_GLOBAL_ACCENT_COLOR_NAME = AccentColor;
				CODE_SIGN_STYLE = Automatic;
				CURRENT_PROJECT_VERSION = 1;
				GENERATE_INFOPLIST_FILE = YES;
				INFOPLIST_FILE = OddorEvenGame/Info.plist;
				INFOPLIST_KEY_UIApplicationSupportsIndirectInputEvents = YES;
				INFOPLIST_KEY_UILaunchStoryboardName = LaunchScreen;
				INFOPLIST_KEY_UIMainStoryboardFile = Main;
				INFOPLIST_KEY_UISupportedInterfaceOrientations_iPad = "UIInterfaceOrientationPortrait UIInterfaceOrientationPortraitUpsideDown UIInterfaceOrientationLandscapeLeft UIInterfaceOrientationLandscapeRight";
				INFOPLIST_KEY_UISupportedInterfaceOrientations_iPhone = "UIInterfaceOrientationPortrait UIInterfaceOrientationLandscapeLeft UIInterfaceOrientationLandscapeRight";
				LD_RUNPATH_SEARCH_PATHS = (
					"$(inherited)",
					"@executable_path/Frameworks",
				);
				MARKETING_VERSION = 1.0;
				PRODUCT_BUNDLE_IDENTIFIER = study.OddorEvenGame;
				PRODUCT_NAME = "$(TARGET_NAME)";
				SWIFT_EMIT_LOC_STRINGS = YES;
				SWIFT_VERSION = 5.0;
				TARGETED_DEVICE_FAMILY = "1,2";
			};
			name = Release;
		};
		52A327FC2B7654BF001D26F0 /* Debug */ = {
			isa = XCBuildConfiguration;
			buildSettings = {
				ALWAYS_EMBED_SWIFT_STANDARD_LIBRARIES = YES;
				BUNDLE_LOADER = "$(TEST_HOST)";
				CODE_SIGN_STYLE = Automatic;
				CURRENT_PROJECT_VERSION = 1;
				GENERATE_INFOPLIST_FILE = YES;
				IPHONEOS_DEPLOYMENT_TARGET = 17.2;
				MARKETING_VERSION = 1.0;
				PRODUCT_BUNDLE_IDENTIFIER = study.OddorEvenGameTests;
				PRODUCT_NAME = "$(TARGET_NAME)";
				SWIFT_EMIT_LOC_STRINGS = NO;
				SWIFT_VERSION = 5.0;
				TARGETED_DEVICE_FAMILY = "1,2";
				TEST_HOST = "$(BUILT_PRODUCTS_DIR)/OddorEvenGame.app/$(BUNDLE_EXECUTABLE_FOLDER_PATH)/OddorEvenGame";
			};
			name = Debug;
		};
		52A327FD2B7654BF001D26F0 /* Release */ = {
			isa = XCBuildConfiguration;
			buildSettings = {
				ALWAYS_EMBED_SWIFT_STANDARD_LIBRARIES = YES;
				BUNDLE_LOADER = "$(TEST_HOST)";
				CODE_SIGN_STYLE = Automatic;
				CURRENT_PROJECT_VERSION = 1;
				GENERATE_INFOPLIST_FILE = YES;
				IPHONEOS_DEPLOYMENT_TARGET = 17.2;
				MARKETING_VERSION = 1.0;
				PRODUCT_BUNDLE_IDENTIFIER = study.OddorEvenGameTests;
				PRODUCT_NAME = "$(TARGET_NAME)";
				SWIFT_EMIT_LOC_STRINGS = NO;
				SWIFT_VERSION = 5.0;
				TARGETED_DEVICE_FAMILY = "1,2";
				TEST_HOST = "$(BUILT_PRODUCTS_DIR)/OddorEvenGame.app/$(BUNDLE_EXECUTABLE_FOLDER_PATH)/OddorEvenGame";
			};
			name = Release;
		};
		52A327FF2B7654BF001D26F0 /* Debug */ = {
			isa = XCBuildConfiguration;
			buildSettings = {
				ALWAYS_EMBED_SWIFT_STANDARD_LIBRARIES = YES;
				CODE_SIGN_STYLE = Automatic;
				CURRENT_PROJECT_VERSION = 1;
				GENERATE_INFOPLIST_FILE = YES;
				MARKETING_VERSION = 1.0;
				PRODUCT_BUNDLE_IDENTIFIER = study.OddorEvenGameUITests;
				PRODUCT_NAME = "$(TARGET_NAME)";
				SWIFT_EMIT_LOC_STRINGS = NO;
				SWIFT_VERSION = 5.0;
				TARGETED_DEVICE_FAMILY = "1,2";
				TEST_TARGET_NAME = OddorEvenGame;
			};
			name = Debug;
		};
		52A328002B7654BF001D26F0 /* Release */ = {
			isa = XCBuildConfiguration;
			buildSettings = {
				ALWAYS_EMBED_SWIFT_STANDARD_LIBRARIES = YES;
				CODE_SIGN_STYLE = Automatic;
				CURRENT_PROJECT_VERSION = 1;
				GENERATE_INFOPLIST_FILE = YES;
				MARKETING_VERSION = 1.0;
				PRODUCT_BUNDLE_IDENTIFIER = study.OddorEvenGameUITests;
				PRODUCT_NAME = "$(TARGET_NAME)";
				SWIFT_EMIT_LOC_STRINGS = NO;
				SWIFT_VERSION = 5.0;
				TARGETED_DEVICE_FAMILY = "1,2";
				TEST_TARGET_NAME = OddorEvenGame;
			};
			name = Release;
		};
/* End XCBuildConfiguration section */

/* Begin XCConfigurationList section */
		52A327C92B7654BD001D26F0 /* Build configuration list for PBXProject "OddorEvenGame" */ = {
			isa = XCConfigurationList;
			buildConfigurations = (
				52A327F62B7654BF001D26F0 /* Debug */,
				52A327F72B7654BF001D26F0 /* Release */,
			);
			defaultConfigurationIsVisible = 0;
			defaultConfigurationName = Release;
		};
		52A327F82B7654BF001D26F0 /* Build configuration list for PBXNativeTarget "OddorEvenGame" */ = {
			isa = XCConfigurationList;
			buildConfigurations = (
				52A327F92B7654BF001D26F0 /* Debug */,
				52A327FA2B7654BF001D26F0 /* Release */,
			);
			defaultConfigurationIsVisible = 0;
			defaultConfigurationName = Release;
		};
		52A327FB2B7654BF001D26F0 /* Build configuration list for PBXNativeTarget "OddorEvenGameTests" */ = {
			isa = XCConfigurationList;
			buildConfigurations = (
				52A327FC2B7654BF001D26F0 /* Debug */,
				52A327FD2B7654BF001D26F0 /* Release */,
			);
			defaultConfigurationIsVisible = 0;
			defaultConfigurationName = Release;
		};
		52A327FE2B7654BF001D26F0 /* Build configuration list for PBXNativeTarget "OddorEvenGameUITests" */ = {
			isa = XCConfigurationList;
			buildConfigurations = (
				52A327FF2B7654BF001D26F0 /* Debug */,
				52A328002B7654BF001D26F0 /* Release */,
			);
			defaultConfigurationIsVisible = 0;
			defaultConfigurationName = Release;
		};
/* End XCConfigurationList section */
	};
	rootObject = 52A327C62B7654BD001D26F0 /* Project object */;
}
